
Microsoft Visual Studio Solution File, Format Version 12.00
# Visual Studio Version 17
VisualStudioVersion = 17.9.34728.123
MinimumVisualStudioVersion = 10.0.40219.1
Project("{FAE04EC0-301F-11D3-BF4B-00C04F79EFBC}") = "Project WPF-2", "Project WPF-2\Project WPF-2.csproj", "{70AA8177-0A96-487C-9998-B071826D2A4D}"
EndProject
Global
	GlobalSection(SolutionConfigurationPlatforms) = preSolution
		Debug|Any CPU = Debug|Any CPU
		Release|Any CPU = Release|Any CPU
	EndGlobalSection
	GlobalSection(ProjectConfigurationPlatforms) = postSolution
		{70AA8177-0A96-487C-9998-B071826D2A4D}.Debug|Any CPU.ActiveCfg = Debug|Any CPU
		{70AA8177-0A96-487C-9998-B071826D2A4D}.Debug|Any CPU.Build.0 = Debug|Any CPU
		{70AA8177-0A96-487C-9998-B071826D2A4D}.Release|Any CPU.ActiveCfg = Release|Any CPU
		{70AA8177-0A96-487C-9998-B071826D2A4D}.Release|Any CPU.Build.0 = Release|Any CPU
	EndGlobalSection
	GlobalSection(SolutionProperties) = preSolution
		HideSolutionNode = FALSE
	EndGlobalSection
	GlobalSection(ExtensibilityGlobals) = postSolution
		SolutionGuid = {8994BB08-4A81-48EB-A38A-786B7D7B2CF8}
	EndGlobalSection
EndGlobal
